
Microsoft Visual Studio Solution File, Format Version 12.00
# Visual Studio Version 17
VisualStudioVersion = 17.10.35013.160
MinimumVisualStudioVersion = 10.0.40219.1
Project("{FAE04EC0-301F-11D3-BF4B-00C04F79EFBC}") = "DiceRoller", "DiceRoller\DiceRoller.csproj", "{CBEDA25A-3858-42EA-AF32-F4AD767A1934}"
EndProject
Global
	GlobalSection(SolutionConfigurationPlatforms) = preSolution
		Debug|Any CPU = Debug|Any CPU
		Release|Any CPU = Release|Any CPU
	EndGlobalSection
	GlobalSection(ProjectConfigurationPlatforms) = postSolution
		{CBEDA25A-3858-42EA-AF32-F4AD767A1934}.Debug|Any CPU.ActiveCfg = Debug|Any CPU
		{CBEDA25A-3858-42EA-AF32-F4AD767A1934}.Debug|Any CPU.Build.0 = Debug|Any CPU
		{CBEDA25A-3858-42EA-AF32-F4AD767A1934}.Release|Any CPU.ActiveCfg = Release|Any CPU
		{CBEDA25A-3858-42EA-AF32-F4AD767A1934}.Release|Any CPU.Build.0 = Release|Any CPU
	EndGlobalSection
	GlobalSection(SolutionProperties) = preSolution
		HideSolutionNode = FALSE
	EndGlobalSection
	GlobalSection(ExtensibilityGlobals) = postSolution
		SolutionGuid = {77CCFF49-BDD3-4E96-BD9C-A6B5268EEFC0}
	EndGlobalSection
EndGlobal
